# This file is automatically @generated by Poetry 1.8.2 and should not be changed by hand.

[[package]]
name = "biopython"
version = "1.86"
description = "Freely available tools for computational molecular biology."
optional = false
python-versions = ">=3.10"
files = [
    {file = "biopython-1.86-cp310-cp310-macosx_10_9_x86_64.whl", hash = "sha256:02aef2e31cc92544f574ff837cabaaaf53733f3a6b5a433f781c59e5424a7576"},
    {file = "biopython-1.86-cp310-cp310-macosx_11_0_arm64.whl", hash = "sha256:8e1b12819a78242b529f54e5d2d00ad90023710a5846ca0f2011ac989fd17d4b"},
    {file = "biopython-1.86-cp310-cp310-manylinux2014_aarch64.manylinux_2_17_aarch64.manylinux_2_28_aarch64.whl", hash = "sha256:2e62504faac6e62fe26e40d6905a69519d8b7b5b0506a426d641b218fde788b5"},
    {file = "biopython-1.86-cp310-cp310-manylinux2014_x86_64.manylinux_2_17_x86_64.manylinux_2_28_x86_64.whl", hash = "sha256:8d4530060aadc6af060a9a049da91a582738837e187fcea80486c71eca74ae59"},
    {file = "biopython-1.86-cp310-cp310-manylinux_2_17_aarch64.manylinux2014_aarch64.whl", hash = "sha256:186e2065c0d1a6c2afc85b9c21a2911a931949668bd73b4c03f429a31b3589f8"},
    {file = "biopython-1.86-cp310-cp310-manylinux_2_17_x86_64.manylinux2014_x86_64.whl", hash = "sha256:6915a09859159598b9421e7240561692e7bb4084e5340c4dbb2435c5c38805a2"},
    {file = "biopython-1.86-cp310-cp310-win32.whl", hash = "sha256:be3d83152fe3232e2d197896a506902b84ad60d40b3f1d1fc934914d138c6dc1"},
    {file = "biopython-1.86-cp310-cp310-win_amd64.whl", hash = "sha256:6fbbfe19e12170754adb9632155b7e3be0d4c247f0a2e09d3917bec859282de1"},
    {file = "biopython-1.86-cp311-cp311-macosx_10_9_x86_64.whl", hash = "sha256:ba88b0754ad53c93eba11d910364cfc773686933c89a886522309ba903151e50"},
    {file = "biopython-1.86-cp311-cp311-macosx_11_0_arm64.whl", hash = "sha256:6cceb32b9036bbdc59962e31bd1605ece24edc226c0d50f99839948b5b5c9dda"},
    {file = "biopython-1.86-cp311-cp311-manylinux2014_aarch64.manylinux_2_17_aarch64.manylinux_2_28_aarch64.whl", hash = "sha256:f0f040ff85bd7d0ee06574bc6d032bc666802f2fe781b0c316b936237eb3d17e"},
    {file = "biopython-1.86-cp311-cp311-manylinux2014_x86_64.manylinux_2_17_x86_64.manylinux_2_28_x86_64.whl", hash = "sha256:6ac858fd71f1093380d8b0a16acf060e7c228ad65f9ecacdb9f5760cfb9f59b1"},
    {file = "biopython-1.86-cp311-cp311-manylinux_2_17_aarch64.manylinux2014_aarch64.whl", hash = "sha256:da4bcf5a48ee647624e2d0bedac7fb1c24ef0facd514519cca074593b8a6a40e"},
    {file = "biopython-1.86-cp311-cp311-manylinux_2_17_x86_64.manylinux2014_x86_64.whl", hash = "sha256:1d4dd9090caaf364a08ab54cd561f37c5f4ea5bcc8f0189d332dcd36d6df5767"},
    {file = "biopython-1.86-cp311-cp311-win32.whl", hash = "sha256:90591f4554c09d311193e7774b5143442c67e178a5b7d929aaa2a054048b22a7"},
    {file = "biopython-1.86-cp311-cp311-win_amd64.whl", hash = "sha256:0a95321ca929c04c934e62252c9e2cc5c4fd13ce575798d98af2d79512334b9b"},
    {file = "biopython-1.86-cp312-cp312-macosx_10_13_x86_64.whl", hash = "sha256:f8d372aae21d79b11613751c6ae23c88db0e94d25b7567b1f67aa0304fb61667"},
    {file = "biopython-1.86-cp312-cp312-macosx_10_9_x86_64.whl", hash = "sha256:baf19d9237aaaa387a68f8f055f978af5c80338d7e037ab028e8d768928f1250"},
    {file = "biopython-1.86-cp312-cp312-macosx_11_0_arm64.whl", hash = "sha256:04f9abdf6cbf0087850de5f8148da0d420c4cb87905bf4de3145ad24a8d55dcd"},
    {file = "biopython-1.86-cp312-cp312-manylinux2014_aarch64.manylinux_2_17_aarch64.manylinux_2_28_aarch64.whl", hash = "sha256:187c3c24dd2255e7328f3e0523ab5d6350b73ff562517de0c1922385617101d2"},
    {file = "biopython-1.86-cp312-cp312-manylinux2014_x86_64.manylinux_2_17_x86_64.manylinux_2_28_x86_64.whl", hash = "sha256:1859830b8262785c6b59dfe0c82cddb643974f63b9d2779bb9f3e2c47c0a95da"},
    {file = "biopython-1.86-cp312-cp312-manylinux_2_17_aarch64.manylinux2014_aarch64.whl", hash = "sha256:dfd906c47b6fb38e3abb9f52e0c06822e6e82a043d38c2000773692c29db1ed8"},
    {file = "biopython-1.86-cp312-cp312-manylinux_2_17_x86_64.manylinux2014_x86_64.whl", hash = "sha256:4a6ab2c60742f1c8494cfbbe3b7a8b45f0400c8f2b36b686b895d5e4d625f04e"},
    {file = "biopython-1.86-cp312-cp312-win32.whl", hash = "sha256:192c61bc3d782c171b7d50bb7d8189d84790d6e3c4b24fd41d1d7ffc7d303efe"},
    {file = "biopython-1.86-cp312-cp312-win_amd64.whl", hash = "sha256:35a6b9c5dcdfb5c2631a313a007f3f41a7d72573ba2b68c962e10ea92096ff3b"},
    {file = "biopython-1.86-cp313-cp313-macosx_10_13_x86_64.whl", hash = "sha256:fb3a11a98e49428720dca227e2a5bdd57c973ee7c4df3cf6734c0aa13fd134c7"},
    {file = "biopython-1.86-cp313-cp313-macosx_11_0_arm64.whl", hash = "sha256:e161f3d3b6e65fbfd1ce22a01c3e9fa9da789adde4972fd0cc2370795ea5357b"},
    {file = "biopython-1.86-cp313-cp313-manylinux2014_aarch64.manylinux_2_17_aarch64.manylinux_2_28_aarch64.whl", hash = "sha256:5aa8c9e92ee6fe59dfe0d2c2daf9a9eec6b812c78328caad038f79163c500218"},
    {file = "biopython-1.86-cp313-cp313-manylinux2014_x86_64.manylinux_2_17_x86_64.manylinux_2_28_x86_64.whl", hash = "sha256:593ec6a2a4fedec08ddcee1a8a0e0b0ed56835b2714904b352ec4a93d5b9d973"},
    {file = "biopython-1.86-cp313-cp313-manylinux_2_17_aarch64.manylinux2014_aarch64.whl", hash = "sha256:dd2f9ebf9b14d67ca92f48779c4f0ba404c35dba3e8b9d6c34d1a3591c3b746d"},
    {file = "biopython-1.86-cp313-cp313-manylinux_2_17_x86_64.manylinux2014_x86_64.whl", hash = "sha256:137fe9aafd93baa5127d17534b473f6646f92a883f52b34f7c306b800ac50038"},
    {file = "biopython-1.86-cp313-cp313-manylinux_2_5_i686.manylinux1_i686.manylinux_2_17_i686.manylinux2014_i686.whl", hash = "sha256:e784dc8382430c9893aa084ca18fe8a8815b5811f1c324492ef3f4b54e664fff"},
    {file = "biopython-1.86-cp313-cp313-win32.whl", hash = "sha256:5329a777ba90ea624447173046e77c4df2862acc46eea4e94fe2211fe041750f"},
    {file = "biopython-1.86-cp313-cp313-win_amd64.whl", hash = "sha256:f6f2f1dc75423b15d8a22b8eceae32785736612b6740688526401b8c2d821270"},
    {file = "biopython-1.86-cp314-cp314-macosx_10_15_x86_64.whl", hash = "sha256:236ca61aa996f12cbc65a8d6a15abfac70b9ee800656629b784c6a240e7d8dc0"},
    {file = "biopython-1.86-cp314-cp314-macosx_11_0_arm64.whl", hash = "sha256:f96b7441f456c7eecad5c6e61e75b0db1435c489be7cc5e4f97dd4e60921747c"},
    {file = "biopython-1.86-cp314-cp314-manylinux2014_aarch64.manylinux_2_17_aarch64.manylinux_2_28_aarch64.whl", hash = "sha256:d53a78bf960397826219f08f87b061ad7f227527d19986e830eeab60d370b597"},
    {file = "biopython-1.86-cp314-cp314-manylinux2014_x86_64.manylinux_2_17_x86_64.manylinux_2_28_x86_64.whl", hash = "sha256:bb86e4383c02fdb2571a38947153346e6f5cd38e22de1df40f54d2a3c51d02a8"},
    {file = "biopython-1.86-cp314-cp314-win32.whl", hash = "sha256:ffeba620c4786ea836efee235a9c6333b94e922b89de1449a4782dcc15246ff1"},
    {file = "biopython-1.86-cp314-cp314-win_amd64.whl", hash = "sha256:efbb9bc4415a1e2c1c986ba261b02857bc0c9eed098b15493f1cc5c4a1e02409"},
    {file = "biopython-1.86-cp314-cp314t-macosx_10_15_x86_64.whl", hash = "sha256:caa70c1639b3306549605f9273753bdbf8cd6d6d352cecf23afbda3c911694f3"},
    {file = "biopython-1.86-cp314-cp314t-macosx_11_0_arm64.whl", hash = "sha256:d077f01d1f69f77a26cac46163d4ea45eb4e6509a68feb7f15e665b7e1de0a99"},
    {file = "biopython-1.86-cp314-cp314t-manylinux2014_aarch64.manylinux_2_17_aarch64.manylinux_2_28_aarch64.whl", hash = "sha256:4506ce7dbdf885cb24d1f5439362c3c07f1b6f90761a0d20fe16a2a9ea5702a5"},
    {file = "biopython-1.86-cp314-cp314t-manylinux2014_x86_64.manylinux_2_17_x86_64.manylinux_2_28_x86_64.whl", hash = "sha256:dcd94717e83ba891ebd9acaecbf05ad38313095ca5706caf6c38fa3f2aa17528"},
    {file = "biopython-1.86-cp314-cp314t-win32.whl", hash = "sha256:2f6b205dcb4101cefa5c615114bd35a19f656abb9d340eb3cf190f829e43800a"},
    {file = "biopython-1.86-cp314-cp314t-win_amd64.whl", hash = "sha256:efeee7c37f2331d2c55704df39e122189cc237ffd7511f34158418ad728131b8"},
    {file = "biopython-1.86.tar.gz", hash = "sha256:93a50b586a4d2cec68ab2f99d03ef583c5761d8fba5535cb8e81da781d0d92ff"},
]

[package.dependencies]
numpy = "*"

[[package]]
name = "click"
version = "8.3.1"
description = "Composable command line interface toolkit"
optional = false
python-versions = ">=3.10"
files = [
    {file = "click-8.3.1-py3-none-any.whl", hash = "sha256:981153a64e25f12d547d3426c367a4857371575ee7ad18df2a6183ab0545b2a6"},
    {file = "click-8.3.1.tar.gz", hash = "sha256:12ff4785d337a1bb490bb7e9c2b1ee5da3112e94a8622f26a6c77f5d2fc6842a"},
]

[package.dependencies]
colorama = {version = "*", markers = "platform_system == \"Windows\""}

[[package]]
name = "colorama"
version = "0.4.6"
description = "Cross-platform colored terminal text."
optional = false
python-versions = "!=3.0.*,!=3.1.*,!=3.2.*,!=3.3.*,!=3.4.*,!=3.5.*,!=3.6.*,>=2.7"
files = [
    {file = "colorama-0.4.6-py2.py3-none-any.whl", hash = "sha256:4f1d9991f5acc0ca119f9d443620b77f9d6b33703e51011c16baf57afb285fc6"},
    {file = "colorama-0.4.6.tar.gz", hash = "sha256:08695f5cb7ed6e0531a20572697297273c47b8cae5a63ffc6d6ed5c201be6e44"},
]

[[package]]
name = "edlib"
version = "1.3.9.post1"
description = "Lightweight, super fast library for sequence alignment using edit (Levenshtein) distance."
optional = false
python-versions = "*"
files = [
    {file = "edlib-1.3.9.post1-cp310-cp310-macosx_10_9_universal2.whl", hash = "sha256:9bbd8fe0d4b103d87fa9fef3afe185816d1a01552501fedd19247f4841fce0af"},
    {file = "edlib-1.3.9.post1-cp310-cp310-macosx_10_9_x86_64.whl", hash = "sha256:ae9364732b1d27615605a0374b406c71e5d881128f571f85cb028157cee1ce67"},
    {file = "edlib-1.3.9.post1-cp310-cp310-manylinux_2_17_x86_64.manylinux2014_x86_64.whl", hash = "sha256:fc30dbee8faf0433eda805a64db4364b88a6b4fa4d7972aa84d345700dc749b0"},
    {file = "edlib-1.3.9.post1-cp310-cp310-musllinux_1_2_i686.whl", hash = "sha256:50677612047506b95a15450fb003f7d9f9fda8ad472f3e54936ef619fa7a0746"},
    {file = "edlib-1.3.9.post1-cp310-cp310-musllinux_1_2_x86_64.whl", hash = "sha256:de93447b4c20be00c3eaa533f6ee0f233225860cee943818aef987f4882b4f20"},
    {file = "edlib-1.3.9.post1-cp311-cp311-macosx_10_9_universal2.whl", hash = "sha256:6249493e72f324f731ab23433d04a06888f45319d8f7a765b6d1f135f102fa38"},
    {file = "edlib-1.3.9.post1-cp311-cp311-macosx_10_9_x86_64.whl", hash = "sha256:fdf895ce15a81097b191ded0f829a426d1d76b12147cfe01ad75ba5aa70af00d"},
    {file = "edlib-1.3.9.post1-cp311-cp311-manylinux_2_17_x86_64.manylinux2014_x86_64.whl", hash = "sha256:ea4714c98756954d19325dee61093e7b8d0ec204dae522c27d57998c32a4a796"},
    {file = "edlib-1.3.9.post1-cp311-cp311-musllinux_1_2_i686.whl", hash = "sha256:82e95bcc4a025d919db53b3b48e98e967afc4c6d741d39e906cdeca6bc74deda"},
    {file = "edlib-1.3.9.post1-cp311-cp311-musllinux_1_2_x86_64.whl", hash = "sha256:2aba2e45677b19a26a7d9acd74bd0869a6b138b7626dbeafcd5a15aea00b36f2"},
    {file = "edlib-1.3.9.post1-cp312-cp312-macosx_10_9_universal2.whl", hash = "sha256:9bc0d778527d2a1ff60379d6620c2fa057bc7a94a8a31ec525e550b7afcfd83c"},
    {file = "edlib-1.3.9.post1-cp312-cp312-macosx_10_9_x86_64.whl", hash = "sha256:947080004c9fa82dfae9330ecc8ac9f5506503ea3fd379e0cd20b24c4dd51bb7"},
    {file = "edlib-1.3.9.post1-cp312-cp312-manylinux_2_17_x86_64.manylinux2014_x86_64.whl", hash = "sha256:b8539562cfb7b387decae9492e86fbc35094ded4769ea8242273015c073ad366"},
    {file = "edlib-1.3.9.post1-cp312-cp312-musllinux_1_2_i686.whl", hash = "sha256:508687d0a16ff1f3f63d31511f469b43028a865faf1fb68fbf5499aa78b4e7ec"},
    {file = "edlib-1.3.9.post1-cp312-cp312-musllinux_1_2_x86_64.whl", hash = "sha256:2d6f40a19d0dc784c5f3b27c2989e431614797bcb77f15b55781491cdab1666f"},
    {file = "edlib-1.3.9.post1-cp313-cp313-macosx_10_13_universal2.whl", hash = "sha256:d87ea04825968350bc5dabe1e95f7d0fe357183c26a039592d4ff12d53ae6c7a"},
    {file = "edlib-1.3.9.post1-cp313-cp313-macosx_10_13_x86_64.whl", hash = "sha256:c328b481eb9bb4fde7b5a79c5f251413e2486033d5bc92d6788f6ce301e398cc"},
    {file = "edlib-1.3.9.post1-cp313-cp313-manylinux_2_17_x86_64.manylinux2014_x86_64.whl", hash = "sha256:6e6457ff3e80d29eb42436eea7235babd3f1db78a526565e1fdce102aa3f6fa0"},
    {file = "edlib-1.3.9.post1-cp313-cp313-musllinux_1_2_i686.whl", hash = "sha256:a8ebdc95d9f5233b4ebd0b7061eb05d9786ccac05a2065faebf2dd61cf1ac945"},
    {file = "edlib-1.3.9.post1-cp313-cp313-musllinux_1_2_x86_64.whl", hash = "sha256:a8dc08d4e162bd9f0c0f4a2511a2769c2953e3315915f5631e33096c85b27ac5"},
    {file = "edlib-1.3.9.post1-cp36-cp36m-macosx_10_9_x86_64.whl", hash = "sha256:e1f419c5e9fde148c812c10ebcc0f3115e396602b60031a9645a765030f2d71f"},
    {file = "edlib-1.3.9.post1-cp36-cp36m-manylinux_2_17_x86_64.manylinux2014_x86_64.whl", hash = "sha256:e23efd98cfa4416f3a452fdb8c2cdc428fa62d561457b461054a15a5640c4ecf"},
    {file = "edlib-1.3.9.post1-cp36-cp36m-musllinux_1_2_i686.whl", hash = "sha256:caa3b558333a18328a92d1691e4e19b11ffed50aec456118aab719b5a1cc4833"},
    {file = "edlib-1.3.9.post1-cp36-cp36m-musllinux_1_2_x86_64.whl", hash = "sha256:544a018acd1e1f9d2c90e10d119cecd4022bffd3a5c56480214ec6b5dcb41b15"},
    {file = "edlib-1.3.9.post1-cp37-cp37m-macosx_10_9_x86_64.whl", hash = "sha256:28a46409421e365717ee2ab2be73fc96da8650cbbe2d58b663497a22e3be2385"},
    {file = "edlib-1.3.9.post1-cp37-cp37m-manylinux_2_17_x86_64.manylinux2014_x86_64.whl", hash = "sha256:4948d242587b0faa04d5a4108191da14bf1d0e69cc51c0b0ff0b0ce1ee17cf97"},
    {file = "edlib-1.3.9.post1-cp37-cp37m-musllinux_1_2_i686.whl", hash = "sha256:d2d65f654dbbe5f422b2ad372f7afe332870b78ae93af59f52973955e80af701"},
    {file = "edlib-1.3.9.post1-cp37-cp37m-musllinux_1_2_x86_64.whl", hash = "sha256:d86f71dd89bdf0d3afa5a1676f01ffd8816f258d1c9b54f805c44cf0e5fd0dde"},
    {file = "edlib-1.3.9.post1-cp38-cp38-macosx_10_9_universal2.whl", hash = "sha256:645dec817f2cd4337d06bcb6fa5673a78a579f92dd13cae5431ec5a841ad8869"},
    {file = "edlib-1.3.9.post1-cp38-cp38-macosx_10_9_x86_64.whl", hash = "sha256:e2051c4edfa12d136e42ecfc7acad011249f1afcbcea4ce404c9ee7804325999"},
    {file = "edlib-1.3.9.post1-cp38-cp38-manylinux_2_17_x86_64.manylinux2014_x86_64.whl", hash = "sha256:604d478355b5c710b54fc985c7069fb6d869d4307c0fe4a165f23062bbc7d2fc"},
    {file = "edlib-1.3.9.post1-cp38-cp38-musllinux_1_2_i686.whl", hash = "sha256:62931650016d121a5c5dfe403299865038e46c3b57521a5808b5129c960e52c3"},
    {file = "edlib-1.3.9.post1-cp38-cp38-musllinux_1_2_x86_64.whl", hash = "sha256:ec92058f7317436f94b9697074c3a3b016577768ee5710dc7c15a2fa4d5882fc"},
    {file = "edlib-1.3.9.post1-cp39-cp39-macosx_10_9_universal2.whl", hash = "sha256:04d84b6b9c9b38841ee2557e060a3db133871bef5793be29269492eb62fa658d"},
    {file = "edlib-1.3.9.post1-cp39-cp39-macosx_10_9_x86_64.whl", hash = "sha256:fe0b6420a6f9906e91a23d3ffc7a5798dee9388fc5179806a640968761833ac9"},
    {file = "edlib-1.3.9.post1-cp39-cp39-manylinux_2_17_x86_64.manylinux2014_x86_64.whl", hash = "sha256:650156a596db8dd098f625692c27b1c5dcf7f0c4db1fa0dfa05d87bb016b5f22"},
    {file = "edlib-1.3.9.post1-cp39-cp39-musllinux_1_2_i686.whl", hash = "sha256:7c5a02a5e334ce6f24bc578739b9c6a48c883c453c703dea52814953da37425c"},
    {file = "edlib-1.3.9.post1-cp39-cp39-musllinux_1_2_x86_64.whl", hash = "sha256:eec42bfc5614ec92559b86e5c5b7398a15599500bc1b2bf63f08b6bf48d7f972"},
    {file = "edlib-1.3.9.post1.tar.gz", hash = "sha256:b0fb6e85882cab02208ccd6daa46f80cb9ff1d05764e91bf22920a01d7a6fbfa"},
]

[[package]]
name = "markdown-it-py"
version = "4.0.0"
description = "Python port of markdown-it. Markdown parsing, done right!"
optional = false
python-versions = ">=3.10"
files = [
    {file = "markdown_it_py-4.0.0-py3-none-any.whl", hash = "sha256:87327c59b172c5011896038353a81343b6754500a08cd7a4973bb48c6d578147"},
    {file = "markdown_it_py-4.0.0.tar.gz", hash = "sha256:cb0a2b4aa34f932c007117b194e945bd74e0ec24133ceb5bac59009cda1cb9f3"},
]

[package.dependencies]
mdurl = ">=0.1,<1.0"

[package.extras]
benchmarking = ["psutil", "pytest", "pytest-benchmark"]
compare = ["commonmark (>=0.9,<1.0)", "markdown (>=3.4,<4.0)", "markdown-it-pyrs", "mistletoe (>=1.0,<2.0)", "mistune (>=3.0,<4.0)", "panflute (>=2.3,<3.0)"]
linkify = ["linkify-it-py (>=1,<3)"]
plugins = ["mdit-py-plugins (>=0.5.0)"]
profiling = ["gprof2dot"]
rtd = ["ipykernel", "jupyter_sphinx", "mdit-py-plugins (>=0.5.0)", "myst-parser", "pyyaml", "sphinx", "sphinx-book-theme (>=1.0,<2.0)", "sphinx-copybutton", "sphinx-design"]
testing = ["coverage", "pytest", "pytest-cov", "pytest-regressions", "requests"]

[[package]]
name = "mdurl"
version = "0.1.2"
description = "Markdown URL utilities"
optional = false
python-versions = ">=3.7"
files = [
    {file = "mdurl-0.1.2-py3-none-any.whl", hash = "sha256:84008a41e51615a49fc9966191ff91509e3c40b939176e643fd50a5c2196b8f8"},
    {file = "mdurl-0.1.2.tar.gz", hash = "sha256:bb413d29f5eea38f31dd4754dd7377d4465116fb207585f97bf925588687c1ba"},
]

[[package]]
name = "numpy"
version = "2.2.6"
description = "Fundamental package for array computing in Python"
optional = false
python-versions = ">=3.10"
files = [
    {file = "numpy-2.2.6-cp310-cp310-macosx_10_9_x86_64.whl", hash = "sha256:b412caa66f72040e6d268491a59f2c43bf03eb6c96dd8f0307829feb7fa2b6fb"},
    {file = "numpy-2.2.6-cp310-cp310-macosx_11_0_arm64.whl", hash = "sha256:8e41fd67c52b86603a91c1a505ebaef50b3314de0213461c7a6e99c9a3beff90"},
    {file = "numpy-2.2.6-cp310-cp310-macosx_14_0_arm64.whl", hash = "sha256:37e990a01ae6ec7fe7fa1c26c55ecb672dd98b19c3d0e1d1f326fa13cb38d163"},
    {file = "numpy-2.2.6-cp310-cp310-macosx_14_0_x86_64.whl", hash = "sha256:5a6429d4be8ca66d889b7cf70f536a397dc45ba6faeb5f8c5427935d9592e9cf"},
    {file = "numpy-2.2.6-cp310-cp310-manylinux_2_17_aarch64.manylinux2014_aarch64.whl", hash = "sha256:efd28d4e9cd7d7a8d39074a4d44c63eda73401580c5c76acda2ce969e0a38e83"},
    {file = "numpy-2.2.6-cp310-cp310-manylinux_2_17_x86_64.manylinux2014_x86_64.whl", hash = "sha256:fc7b73d02efb0e18c000e9ad8b83480dfcd5dfd11065997ed4c6747470ae8915"},
    {file = "numpy-2.2.6-cp310-cp310-musllinux_1_2_aarch64.whl", hash = "sha256:74d4531beb257d2c3f4b261bfb0fc09e0f9ebb8842d82a7b4209415896adc680"},
    {file = "numpy-2.2.6-cp310-cp310-musllinux_1_2_x86_64.whl", hash = "sha256:8fc377d995680230e83241d8a96def29f204b5782f371c532579b4f20607a289"},
    {file = "numpy-2.2.6-cp310-cp310-win32.whl", hash = "sha256:b093dd74e50a8cba3e873868d9e93a85b78e0daf2e98c6797566ad8044e8363d"},
    {file = "numpy-2.2.6-cp310-cp310-win_amd64.whl", hash = "sha256:f0fd6321b839904e15c46e0d257fdd101dd7f530fe03fd6359c1ea63738703f3"},
    {file = "numpy-2.2.6-cp311-cp311-macosx_10_9_x86_64.whl", hash = "sha256:f9f1adb22318e121c5c69a09142811a201ef17ab257a1e66ca3025065b7f53ae"},
    {file = "numpy-2.2.6-cp311-cp311-macosx_11_0_arm64.whl", hash = "sha256:c820a93b0255bc360f53eca31a0e676fd1101f673dda8da93454a12e23fc5f7a"},
    {file = "numpy-2.2.6-cp311-cp311-macosx_14_0_arm64.whl", hash = "sha256:3d70692235e759f260c3d837193090014aebdf026dfd167834bcba43e30c2a42"},
    {file = "numpy-2.2.6-cp311-cp311-macosx_14_0_x86_64.whl", hash = "sha256:481b49095335f8eed42e39e8041327c05b0f6f4780488f61286ed3c01368d491"},
    {file = "numpy-2.2.6-cp311-cp311-manylinux_2_17_aarch64.manylinux2014_aarch64.whl", hash = "sha256:b64d8d4d17135e00c8e346e0a738deb17e754230d7e0810ac5012750bbd85a5a"},
    {file = "numpy-2.2.6-cp311-cp311-manylinux_2_17_x86_64.manylinux2014_x86_64.whl", hash = "sha256:ba10f8411898fc418a521833e014a77d3ca01c15b0c6cdcce6a0d2897e6dbbdf"},
    {file = "numpy-2.2.6-cp311-cp311-musllinux_1_2_aarch64.whl", hash = "sha256:bd48227a919f1bafbdda0583705e547892342c26fb127219d60a5c36882609d1"},
    {file = "numpy-2.2.6-cp311-cp311-musllinux_1_2_x86_64.whl", hash = "sha256:9551a499bf125c1d4f9e250377c1ee2eddd02e01eac6644c080162c0c51778ab"},
    {file = "numpy-2.2.6-cp311-cp311-win32.whl", hash = "sha256:0678000bb9ac1475cd454c6b8c799206af8107e310843532b04d49649c717a47"},
    {file = "numpy-2.2.6-cp311-cp311-win_amd64.whl", hash = "sha256:e8213002e427c69c45a52bbd94163084025f533a55a59d6f9c5b820774ef3303"},
    {file = "numpy-2.2.6-cp312-cp312-macosx_10_13_x86_64.whl", hash = "sha256:41c5a21f4a04fa86436124d388f6ed60a9343a6f767fced1a8a71c3fbca038ff"},
    {file = "numpy-2.2.6-cp312-cp312-macosx_11_0_arm64.whl", hash = "sha256:de749064336d37e340f640b05f24e9e3dd678c57318c7289d222a8a2f543e90c"},
    {file = "numpy-2.2.6-cp312-cp312-macosx_14_0_arm64.whl", hash = "sha256:894b3a42502226a1cac872f840030665f33326fc3dac8e57c607905773cdcde3"},
    {file = "numpy-2.2.6-cp312-cp312-macosx_14_0_x86_64.whl", hash = "sha256:71594f7c51a18e728451bb50cc60a3ce4e6538822731b2933209a1f3614e9282"},
    {file = "numpy-2.2.6-cp312-cp312-manylinux_2_17_aarch64.manylinux2014_aarch64.whl", hash = "sha256:f2618db89be1b4e05f7a1a847a9c1c0abd63e63a1607d892dd54668dd92faf87"},
    {file = "numpy-2.2.6-cp312-cp312-manylinux_2_17_x86_64.manylinux2014_x86_64.whl", hash = "sha256:fd83c01228a688733f1ded5201c678f0c53ecc1006ffbc404db9f7a899ac6249"},
    {file = "numpy-2.2.6-cp312-cp312-musllinux_1_2_aarch64.whl", hash = "sha256:37c0ca431f82cd5fa716eca9506aefcabc247fb27ba69c5062a6d3ade8cf8f49"},
    {file = "numpy-2.2.6-cp312-cp312-musllinux_1_2_x86_64.whl", hash = "sha256:fe27749d33bb772c80dcd84ae7e8df2adc920ae8297400dabec45f0dedb3f6de"},
    {file = "numpy-2.2.6-cp312-cp312-win32.whl", hash = "sha256:4eeaae00d789f66c7a25ac5f34b71a7035bb474e679f410e5e1a94deb24cf2d4"},
    {file = "numpy-2.2.6-cp312-cp312-win_amd64.whl", hash = "sha256:c1f9540be57940698ed329904db803cf7a402f3fc200bfe599334c9bd84a40b2"},
    {file = "numpy-2.2.6-cp313-cp313-macosx_10_13_x86_64.whl", hash = "sha256:0811bb762109d9708cca4d0b13c4f67146e3c3b7cf8d34018c722adb2d957c84"},
    {file = "numpy-2.2.6-cp313-cp313-macosx_11_0_arm64.whl", hash = "sha256:287cc3162b6f01463ccd86be154f284d0893d2b3ed7292439ea97eafa8170e0b"},
    {file = "numpy-2.2.6-cp313-cp313-macosx_14_0_arm64.whl", hash = "sha256:f1372f041402e37e5e633e586f62aa53de2eac8d98cbfb822806ce4bbefcb74d"},
    {file = "numpy-2.2.6-cp313-cp313-macosx_14_0_x86_64.whl", hash = "sha256:55a4d33fa519660d69614a9fad433be87e5252f4b03850642f88993f7b2ca566"},
    {file = "numpy-2.2.6-cp313-cp313-manylinux_2_17_aarch64.manylinux2014_aarch64.whl", hash = "sha256:f92729c95468a2f4f15e9bb94c432a9229d0d50de67304399627a943201baa2f"},
    {file = "numpy-2.2.6-cp313-cp313-manylinux_2_17_x86_64.manylinux2014_x86_64.whl", hash = "sha256:1bc23a79bfabc5d056d106f9befb8d50c31ced2fbc70eedb8155aec74a45798f"},
    {file = "numpy-2.2.6-cp313-cp313-musllinux_1_2_aarch64.whl", hash = "sha256:e3143e4451880bed956e706a3220b4e5cf6172ef05fcc397f6f36a550b1dd868"},
    {file = "numpy-2.2.6-cp313-cp313-musllinux_1_2_x86_64.whl", hash = "sha256:b4f13750ce79751586ae2eb824ba7e1e8dba64784086c98cdbbcc6a42112ce0d"},
    {file = "numpy-2.2.6-cp313-cp313-win32.whl", hash = "sha256:5beb72339d9d4fa36522fc63802f469b13cdbe4fdab4a288f0c441b74272ebfd"},
    {file = "numpy-2.2.6-cp313-cp313-win_amd64.whl", hash = "sha256:b0544343a702fa80c95ad5d3d608ea3599dd54d4632df855e4c8d24eb6ecfa1c"},
    {file = "numpy-2.2.6-cp313-cp313t-macosx_10_13_x86_64.whl", hash = "sha256:0bca768cd85ae743b2affdc762d617eddf3bcf8724435498a1e80132d04879e6"},
    {file = "numpy-2.2.6-cp313-cp313t-macosx_11_0_arm64.whl", hash = "sha256:fc0c5673685c508a142ca65209b4e79ed6740a4ed6b2267dbba90f34b0b3cfda"},
    {file = "numpy-2.2.6-cp313-cp313t-macosx_14_0_arm64.whl", hash = "sha256:5bd4fc3ac8926b3819797a7c0e2631eb889b4118a9898c84f585a54d475b7e40"},
    {file = "numpy-2.2.6-cp313-cp313t-macosx_14_0_x86_64.whl", hash = "sha256:fee4236c876c4e8369388054d02d0e9bb84821feb1a64dd59e137e6511a551f8"},
    {file = "numpy-2.2.6-cp313-cp313t-manylinux_2_17_aarch64.manylinux2014_aarch64.whl", hash = "sha256:e1dda9c7e08dc141e0247a5b8f49cf05984955246a327d4c48bda16821947b2f"},
    {file = "numpy-2.2.6-cp313-cp313t-manylinux_2_17_x86_64.manylinux2014_x86_64.whl", hash = "sha256:f447e6acb680fd307f40d3da4852208af94afdfab89cf850986c3ca00562f4fa"},
    {file = "numpy-2.2.6-cp313-cp313t-musllinux_1_2_aarch64.whl", hash = "sha256:389d771b1623ec92636b0786bc4ae56abafad4a4c513d36a55dce14bd9ce8571"},
    {file = "numpy-2.2.6-cp313-cp313t-musllinux_1_2_x86_64.whl", hash = "sha256:8e9ace4a37db23421249ed236fdcdd457d671e25146786dfc96835cd951aa7c1"},
    {file = "numpy-2.2.6-cp313-cp313t-win32.whl", hash = "sha256:038613e9fb8c72b0a41f025a7e4c3f0b7a1b5d768ece4796b674c8f3fe13efff"},
    {file = "numpy-2.2.6-cp313-cp313t-win_amd64.whl", hash = "sha256:6031dd6dfecc0cf9f668681a37648373bddd6421fff6c66ec1624eed0180ee06"},
    {file = "numpy-2.2.6-pp310-pypy310_pp73-macosx_10_15_x86_64.whl", hash = "sha256:0b605b275d7bd0c640cad4e5d30fa701a8d59302e127e5f79138ad62762c3e3d"},
    {file = "numpy-2.2.6-pp310-pypy310_pp73-macosx_14_0_x86_64.whl", hash = "sha256:7befc596a7dc9da8a337f79802ee8adb30a552a94f792b9c9d18c840055907db"},
    {file = "numpy-2.2.6-pp310-pypy310_pp73-manylinux_2_17_x86_64.manylinux2014_x86_64.whl", hash = "sha256:ce47521a4754c8f4593837384bd3424880629f718d87c5d44f8ed763edd63543"},
    {file = "numpy-2.2.6-pp310-pypy310_pp73-win_amd64.whl", hash = "sha256:d042d24c90c41b54fd506da306759e06e568864df8ec17ccc17e9e884634fd00"},
    {file = "numpy-2.2.6.tar.gz", hash = "sha256:e29554e2bef54a90aa5cc07da6ce955accb83f21ab5de01a62c8478897b264fd"},
]

[[package]]
name = "pygments"
version = "2.19.2"
description = "Pygments is a syntax highlighting package written in Python."
optional = false
python-versions = ">=3.8"
files = [
    {file = "pygments-2.19.2-py3-none-any.whl", hash = "sha256:86540386c03d588bb81d44bc3928634ff26449851e99741617ecb9037ee5ec0b"},
    {file = "pygments-2.19.2.tar.gz", hash = "sha256:636cb2477cec7f8952536970bc533bc43743542f70392ae026374600add5b887"},
]

[package.extras]
windows-terminal = ["colorama (>=0.4.6)"]

[[package]]
name = "pysam"
version = "0.23.3"
description = "Package for reading, manipulating, and writing genomic data"
optional = false
python-versions = ">=3.8"
files = [
    {file = "pysam-0.23.3-cp310-cp310-macosx_10_9_x86_64.whl", hash = "sha256:a0b99d875f293fad0bd9c9c923e8910c03af62d291ebb7d20e69ceaf39e383d4"},
    {file = "pysam-0.23.3-cp310-cp310-macosx_11_0_arm64.whl", hash = "sha256:725a32970cf4ce322f4ab2a52b755163297027a0349f0d151537fe16bdf525e5"},
    {file = "pysam-0.23.3-cp310-cp310-manylinux_2_28_aarch64.whl", hash = "sha256:5fd54146c0a5a41e37b67212e3b9b0c123b73d1dd2ba58082d21dc2236c1b290"},
    {file = "pysam-0.23.3-cp310-cp310-manylinux_2_28_x86_64.whl", hash = "sha256:a7d6b3dcbf4756bd178e217fa391187edc5793f8f50c3034e585d1e4d282d29b"},
    {file = "pysam-0.23.3-cp310-cp310-musllinux_1_2_aarch64.whl", hash = "sha256:bc391a099ca74a1134a1cf71812c8ddf9934ab9d6675f3a97fe299466f227a1f"},
    {file = "pysam-0.23.3-cp310-cp310-musllinux_1_2_x86_64.whl", hash = "sha256:d98ce73c07926d400c684773ce2521f03f78247a3dd6968c8206ba31b077b503"},
    {file = "pysam-0.23.3-cp311-cp311-macosx_10_9_x86_64.whl", hash = "sha256:cb4c9c4eb245d643b60c7ec750d5554ebf17c6c9646f4f54439f94a3b3de15de"},
    {file = "pysam-0.23.3-cp311-cp311-macosx_11_0_arm64.whl", hash = "sha256:3449070e0bbe716f9eccd3911d2482476478fbad63f739378d0203f470a446d6"},
    {file = "pysam-0.23.3-cp311-cp311-manylinux_2_28_aarch64.whl", hash = "sha256:c6cb7069dcecca3d40bbe4a6d5adea5cafe483c11854892dbabd6e10e5776049"},
    {file = "pysam-0.23.3-cp311-cp311-manylinux_2_28_x86_64.whl", hash = "sha256:a7e9c835126f94ff57199e2f58e61436e12e84d47077e70aac8aa03531c4cc71"},
    {file = "pysam-0.23.3-cp311-cp311-musllinux_1_2_aarch64.whl", hash = "sha256:9b249367a4ad100e61afac9156bde6183c6119f2612bbd5d97ebe3153c643aed"},
    {file = "pysam-0.23.3-cp311-cp311-musllinux_1_2_x86_64.whl", hash = "sha256:a720cc0818aa84aca5ee4ef884fda82367598e77ec0c95d2050f670fb1fd0db5"},
    {file = "pysam-0.23.3-cp312-cp312-macosx_10_13_x86_64.whl", hash = "sha256:69f90c0867fe43f04004bcea963f6b2e68b39180afab54bf551f61f43856638b"},
    {file = "pysam-0.23.3-cp312-cp312-macosx_11_0_arm64.whl", hash = "sha256:2310d72bfae7a0980d414156267e25b57aa221a768c11c087f3f7d00ceb9fed4"},
    {file = "pysam-0.23.3-cp312-cp312-manylinux_2_28_aarch64.whl", hash = "sha256:b2e45983efea190d374fcda0b6e0c835d6e9e474e02694729f3b3a14d680fa62"},
    {file = "pysam-0.23.3-cp312-cp312-manylinux_2_28_x86_64.whl", hash = "sha256:4099393fc5097b5081c7efaf46b0109e4f0a8ed18f86d497219a8bf739c73992"},
    {file = "pysam-0.23.3-cp312-cp312-musllinux_1_2_aarch64.whl", hash = "sha256:4f04b9aa9b23d767fe36652eacb8370791e3b56816a7e50553d52c65ccdce77f"},
    {file = "pysam-0.23.3-cp312-cp312-musllinux_1_2_x86_64.whl", hash = "sha256:701843e5dc67c8eb217c3265039c699a5f83cce64fbc4225268141796e972353"},
    {file = "pysam-0.23.3-cp313-cp313-macosx_10_13_x86_64.whl", hash = "sha256:2d3177c5b3e102bde297f86e079d23fa385ac88f16c4252502079ef368056d55"},
    {file = "pysam-0.23.3-cp313-cp313-macosx_11_0_arm64.whl", hash = "sha256:2b6f6891684213e89ee679c5ac786b4e845e7d39d24f6ea0e4d8ed8be9c34f48"},
    {file = "pysam-0.23.3-cp313-cp313-manylinux_2_28_aarch64.whl", hash = "sha256:735b938b809f0dc19a389cf3cee04fe7a451e21e2b20d3e45fa6bc23016ae21d"},
    {file = "pysam-0.23.3-cp313-cp313-manylinux_2_28_x86_64.whl", hash = "sha256:b721ae4c9118e0c27e1500be278c3b62022c886eeb913ecabc0463fdf98da38f"},
    {file = "pysam-0.23.3-cp313-cp313-musllinux_1_2_aarch64.whl", hash = "sha256:915bd2883eed08b16a41964a33923818e67166ca69a51086598d27287df6bb4f"},
    {file = "pysam-0.23.3-cp313-cp313-musllinux_1_2_x86_64.whl", hash = "sha256:b80f1092ba290b738d6ed230cc58cc75ca815fda441afe76cb4c25639aec7ee7"},
    {file = "pysam-0.23.3-cp38-cp38-macosx_10_9_x86_64.whl", hash = "sha256:9bf6281fc4709125f5089b5c8f83ffcb1b911c4aa9c601a0a4f62beb1de82413"},
    {file = "pysam-0.23.3-cp38-cp38-manylinux_2_17_x86_64.manylinux2014_x86_64.whl", hash = "sha256:456fb5f1a22001cb237fcc5b2ec03960979e5e18a3171c8e0a0116e02d86f31a"},
    {file = "pysam-0.23.3-cp38-cp38-manylinux_2_28_aarch64.whl", hash = "sha256:7565c85fc636d75029ef4e133461c513a848c2d0ecd0489571f4fde1efa22d3b"},
    {file = "pysam-0.23.3-cp38-cp38-manylinux_2_28_x86_64.whl", hash = "sha256:ad3cf30c6a48f3e2751a0b78d36c47cd4b272249cb6428be655b46473676d8f9"},
    {file = "pysam-0.23.3-cp38-cp38-musllinux_1_2_aarch64.whl", hash = "sha256:15945db1483fef9760f32cfa112af3c3b7d50d586edfaf245edce52b99bb5c25"},
    {file = "pysam-0.23.3-cp38-cp38-musllinux_1_2_x86_64.whl", hash = "sha256:013738cca990e235c56a7200ccfa9f105d7144ef34c2683c1ae8086ee030238b"},
    {file = "pysam-0.23.3-cp39-cp39-macosx_10_9_x86_64.whl", hash = "sha256:83f6f22995fa9b89b619f0d932a6714108d0dd1536fff684d3e02257c3f59b3a"},
    {file = "pysam-0.23.3-cp39-cp39-macosx_11_0_arm64.whl", hash = "sha256:ecf7cbc3d15c84cbc14a6c00af0f866b8f5e6b8ea3d2a496f18ad87adf55bcc5"},
    {file = "pysam-0.23.3-cp39-cp39-manylinux_2_28_aarch64.whl", hash = "sha256:be2283f2ff15346d6ac10ba3b4370359ac3c1afc34b99bb0f2f39e715749cb8b"},
    {file = "pysam-0.23.3-cp39-cp39-manylinux_2_28_x86_64.whl", hash = "sha256:513fa67af426e9e01f82653654e384d7774d81876d7dc3020ad7f72aa1d9c309"},
    {file = "pysam-0.23.3-cp39-cp39-musllinux_1_2_aarch64.whl", hash = "sha256:fd35287d2f8d243d6e54746e8cd5df3eb6239b016e51e20bbca1a2b6ef5899df"},
    {file = "pysam-0.23.3-cp39-cp39-musllinux_1_2_x86_64.whl", hash = "sha256:7ddbf573f0d3c650a03f2dcb4cdce50d536d380dbbc692f434b1cfa0cd7da4d2"},
    {file = "pysam-0.23.3.tar.gz", hash = "sha256:9ebcb1f004b296fd139b103ec6fd7e415e80f89f194eb7d0d972ac6d11bbaf24"},
]

[[package]]
name = "rich"
version = "14.3.2"
description = "Render rich text, tables, progress bars, syntax highlighting, markdown and more to the terminal"
optional = false
python-versions = ">=3.8.0"
files = [
    {file = "rich-14.3.2-py3-none-any.whl", hash = "sha256:08e67c3e90884651da3239ea668222d19bea7b589149d8014a21c633420dbb69"},
    {file = "rich-14.3.2.tar.gz", hash = "sha256:e712f11c1a562a11843306f5ed999475f09ac31ffb64281f73ab29ffdda8b3b8"},
]

[package.dependencies]
markdown-it-py = ">=2.2.0"
pygments = ">=2.13.0,<3.0.0"

[package.extras]
jupyter = ["ipywidgets (>=7.5.1,<9)"]

[[package]]
name = "shellingham"
version = "1.5.4"
description = "Tool to Detect Surrounding Shell"
optional = false
python-versions = ">=3.7"
files = [
    {file = "shellingham-1.5.4-py2.py3-none-any.whl", hash = "sha256:7ecfff8f2fd72616f7481040475a65b2bf8af90a56c89140852d1120324e8686"},
    {file = "shellingham-1.5.4.tar.gz", hash = "sha256:8dbca0739d487e5bd35ab3ca4b36e11c4078f3a234bfce294b0a0291363404de"},
]

[[package]]
name = "typer"
version = "0.21.1"
description = "Typer, build great CLIs. Easy to code. Based on Python type hints."
optional = false
python-versions = ">=3.9"
files = [
    {file = "typer-0.21.1-py3-none-any.whl", hash = "sha256:7985e89081c636b88d172c2ee0cfe33c253160994d47bdfdc302defd7d1f1d01"},
    {file = "typer-0.21.1.tar.gz", hash = "sha256:ea835607cd752343b6b2b7ce676893e5a0324082268b48f27aa058bdb7d2145d"},
]

[package.dependencies]
click = ">=8.0.0"
rich = ">=10.11.0"
shellingham = ">=1.3.0"
typing-extensions = ">=3.7.4.3"

[[package]]
name = "typing-extensions"
version = "4.15.0"
description = "Backported and Experimental Type Hints for Python 3.9+"
optional = false
python-versions = ">=3.9"
files = [
    {file = "typing_extensions-4.15.0-py3-none-any.whl", hash = "sha256:f0fa19c6845758ab08074a0cfa8b7aecb71c999ca73d62883bc25cc018c4e548"},
    {file = "typing_extensions-4.15.0.tar.gz", hash = "sha256:0cea48d173cc12fa28ecabc3b837ea3cf6f38c6d1136f85cbaaf598984861466"},
]

[metadata]
lock-version = "2.0"
python-versions = "^3.10"
content-hash = "f38e3183cda298c840e35631af18ec66990b7cdf5295c2f6806dd33f9d267065"
